
Microsoft Visual Studio Solution File, Format Version 12.00
# Visual Studio Version 16
VisualStudioVersion = 16.0.30114.105
MinimumVisualStudioVersion = 10.0.40219.1
Project("{FAE04EC0-301F-11D3-BF4B-00C04F79EFBC}") = "MvcMovie", "MvcMovie.csproj", "{BA79DF5E-BF55-4C8C-8EA4-F396DD97874E}"
EndProject
Global
	GlobalSection(SolutionConfigurationPlatforms) = preSolution
		Debug|Any CPU = Debug|Any CPU
		Release|Any CPU = Release|Any CPU
	EndGlobalSection
	GlobalSection(ProjectConfigurationPlatforms) = postSolution
		{BA79DF5E-BF55-4C8C-8EA4-F396DD97874E}.Debug|Any CPU.ActiveCfg = Debug|Any CPU
		{BA79DF5E-BF55-4C8C-8EA4-F396DD97874E}.Debug|Any CPU.Build.0 = Debug|Any CPU
		{BA79DF5E-BF55-4C8C-8EA4-F396DD97874E}.Release|Any CPU.ActiveCfg = Release|Any CPU
		{BA79DF5E-BF55-4C8C-8EA4-F396DD97874E}.Release|Any CPU.Build.0 = Release|Any CPU
	EndGlobalSection
	GlobalSection(SolutionProperties) = preSolution
		HideSolutionNode = FALSE
	EndGlobalSection
	GlobalSection(ExtensibilityGlobals) = postSolution
		SolutionGuid = {EF9D5D0D-D3E2-43B3-928C-2FA327AA9472}
	EndGlobalSection
EndGlobal
